// !$*UTF8*$!
{
	archiveVersion = 1;
	classes = {
	};
	objectVersion = 56;
	objects = {

/* Begin PBXBuildFile section */
		4A17478C29878CC400EB5D79 /* Product.swift in Sources */ = {isa = PBXBuildFile; fileRef = 4A17478B29878CC400EB5D79 /* Product.swift */; };
		4A17478E2987969900EB5D79 /* ProductsTableViewController.swift in Sources */ = {isa = PBXBuildFile; fileRef = 4A17478D2987969900EB5D79 /* ProductsTableViewController.swift */; };
		4A1747912987A8AE00EB5D79 /* ProductCellView.swift in Sources */ = {isa = PBXBuildFile; fileRef = 4A1747902987A8AE00EB5D79 /* ProductCellView.swift */; };
		4A1747932987A9E600EB5D79 /* Locale+Extentions.swift in Sources */ = {isa = PBXBuildFile; fileRef = 4A1747922987A9E600EB5D79 /* Locale+Extentions.swift */; };
		4A1747952987CD7000EB5D79 /* AddProductViewController.swift in Sources */ = {isa = PBXBuildFile; fileRef = 4A1747942987CD7000EB5D79 /* AddProductViewController.swift */; };
		4A1747972987D69800EB5D79 /* CategoryPickerView.swift in Sources */ = {isa = PBXBuildFile; fileRef = 4A1747962987D69800EB5D79 /* CategoryPickerView.swift */; };
		4A17479B298826BB00EB5D79 /* String+Extensions.swift in Sources */ = {isa = PBXBuildFile; fileRef = 4A17479A298826BB00EB5D79 /* String+Extensions.swift */; };
		4A17479D2988E79A00EB5D79 /* CreateProductRequest.swift in Sources */ = {isa = PBXBuildFile; fileRef = 4A17479C2988E79A00EB5D79 /* CreateProductRequest.swift */; };
		4A9E3B66298670B50045D896 /* AppDelegate.swift in Sources */ = {isa = PBXBuildFile; fileRef = 4A9E3B65298670B50045D896 /* AppDelegate.swift */; };
		4A9E3B68298670B50045D896 /* SceneDelegate.swift in Sources */ = {isa = PBXBuildFile; fileRef = 4A9E3B67298670B50045D896 /* SceneDelegate.swift */; };
		4A9E3B6A298670B50045D896 /* ViewController.swift in Sources */ = {isa = PBXBuildFile; fileRef = 4A9E3B69298670B50045D896 /* ViewController.swift */; };
		4A9E3B6F298670B60045D896 /* Assets.xcassets in Resources */ = {isa = PBXBuildFile; fileRef = 4A9E3B6E298670B60045D896 /* Assets.xcassets */; };
		4A9E3B7B298670DB0045D896 /* CategoriesTableViewController.swift in Sources */ = {isa = PBXBuildFile; fileRef = 4A9E3B7A298670DB0045D896 /* CategoriesTableViewController.swift */; };
		4A9E3B7E29867FEE0045D896 /* StoreHTTPClient.swift in Sources */ = {isa = PBXBuildFile; fileRef = 4A9E3B7D29867FEE0045D896 /* StoreHTTPClient.swift */; };
		4A9E3B81298680570045D896 /* Category.swift in Sources */ = {isa = PBXBuildFile; fileRef = 4A9E3B80298680570045D896 /* Category.swift */; };
		4A9E3B84298685710045D896 /* URL+Extensions.swift in Sources */ = {isa = PBXBuildFile; fileRef = 4A9E3B83298685710045D896 /* URL+Extensions.swift */; };
/* End PBXBuildFile section */

/* Begin PBXFileReference section */
		4A17478B29878CC400EB5D79 /* Product.swift */ = {isa = PBXFileReference; lastKnownFileType = sourcecode.swift; path = Product.swift; sourceTree = "<group>"; };
		4A17478D2987969900EB5D79 /* ProductsTableViewController.swift */ = {isa = PBXFileReference; lastKnownFileType = sourcecode.swift; path = ProductsTableViewController.swift; sourceTree = "<group>"; };
		4A1747902987A8AE00EB5D79 /* ProductCellView.swift */ = {isa = PBXFileReference; lastKnownFileType = sourcecode.swift; path = ProductCellView.swift; sourceTree = "<group>"; };
		4A1747922987A9E600EB5D79 /* Locale+Extentions.swift */ = {isa = PBXFileReference; lastKnownFileType = sourcecode.swift; path = "Locale+Extentions.swift"; sourceTree = "<group>"; };
		4A1747942987CD7000EB5D79 /* AddProductViewController.swift */ = {isa = PBXFileReference; lastKnownFileType = sourcecode.swift; path = AddProductViewController.swift; sourceTree = "<group>"; };
		4A1747962987D69800EB5D79 /* CategoryPickerView.swift */ = {isa = PBXFileReference; lastKnownFileType = sourcecode.swift; path = CategoryPickerView.swift; sourceTree = "<group>"; };
		4A17479A298826BB00EB5D79 /* String+Extensions.swift */ = {isa = PBXFileReference; lastKnownFileType = sourcecode.swift; path = "String+Extensions.swift"; sourceTree = "<group>"; };
		4A17479C2988E79A00EB5D79 /* CreateProductRequest.swift */ = {isa = PBXFileReference; lastKnownFileType = sourcecode.swift; path = CreateProductRequest.swift; sourceTree = "<group>"; };
		4A9E3B62298670B50045D896 /* FakeStoreApp.app */ = {isa = PBXFileReference; explicitFileType = wrapper.application; includeInIndex = 0; path = FakeStoreApp.app; sourceTree = BUILT_PRODUCTS_DIR; };
		4A9E3B65298670B50045D896 /* AppDelegate.swift */ = {isa = PBXFileReference; lastKnownFileType = sourcecode.swift; path = AppDelegate.swift; sourceTree = "<group>"; };
		4A9E3B67298670B50045D896 /* SceneDelegate.swift */ = {isa = PBXFileReference; lastKnownFileType = sourcecode.swift; path = SceneDelegate.swift; sourceTree = "<group>"; };
		4A9E3B69298670B50045D896 /* ViewController.swift */ = {isa = PBXFileReference; lastKnownFileType = sourcecode.swift; path = ViewController.swift; sourceTree = "<group>"; };
		4A9E3B6E298670B60045D896 /* Assets.xcassets */ = {isa = PBXFileReference; lastKnownFileType = folder.assetcatalog; path = Assets.xcassets; sourceTree = "<group>"; };
		4A9E3B73298670B60045D896 /* Info.plist */ = {isa = PBXFileReference; lastKnownFileType = text.plist.xml; path = Info.plist; sourceTree = "<group>"; };
		4A9E3B7A298670DB0045D896 /* CategoriesTableViewController.swift */ = {isa = PBXFileReference; lastKnownFileType = sourcecode.swift; path = CategoriesTableViewController.swift; sourceTree = "<group>"; };
		4A9E3B7D29867FEE0045D896 /* StoreHTTPClient.swift */ = {isa = PBXFileReference; lastKnownFileType = sourcecode.swift; path = StoreHTTPClient.swift; sourceTree = "<group>"; };
		4A9E3B80298680570045D896 /* Category.swift */ = {isa = PBXFileReference; lastKnownFileType = sourcecode.swift; path = Category.swift; sourceTree = "<group>"; };
		4A9E3B83298685710045D896 /* URL+Extensions.swift */ = {isa = PBXFileReference; lastKnownFileType = sourcecode.swift; path = "URL+Extensions.swift"; sourceTree = "<group>"; };
/* End PBXFileReference section */

/* Begin PBXFrameworksBuildPhase section */
		4A9E3B5F298670B50045D896 /* Frameworks */ = {
			isa = PBXFrameworksBuildPhase;
			buildActionMask = 2147483647;
			files = (
			);
			runOnlyForDeploymentPostprocessing = 0;
		};
/* End PBXFrameworksBuildPhase section */

/* Begin PBXGroup section */
		4A17478F2987A89E00EB5D79 /* Views */ = {
			isa = PBXGroup;
			children = (
				4A1747902987A8AE00EB5D79 /* ProductCellView.swift */,
				4A1747962987D69800EB5D79 /* CategoryPickerView.swift */,
			);
			path = Views;
			sourceTree = "<group>";
		};
		4A9E3B59298670B50045D896 = {
			isa = PBXGroup;
			children = (
				4A9E3B64298670B50045D896 /* FakeStoreApp */,
				4A9E3B63298670B50045D896 /* Products */,
			);
			sourceTree = "<group>";
		};
		4A9E3B63298670B50045D896 /* Products */ = {
			isa = PBXGroup;
			children = (
				4A9E3B62298670B50045D896 /* FakeStoreApp.app */,
			);
			name = Products;
			sourceTree = "<group>";
		};
		4A9E3B64298670B50045D896 /* FakeStoreApp */ = {
			isa = PBXGroup;
			children = (
				4A17478F2987A89E00EB5D79 /* Views */,
				4A9E3B822986855B0045D896 /* Extensions */,
				4A9E3B7F298680450045D896 /* Models */,
				4A9E3B7C29867FD80045D896 /* Clients */,
				4A9E3B79298670CC0045D896 /* View Controllers */,
				4A9E3B65298670B50045D896 /* AppDelegate.swift */,
				4A9E3B67298670B50045D896 /* SceneDelegate.swift */,
				4A9E3B69298670B50045D896 /* ViewController.swift */,
				4A9E3B6E298670B60045D896 /* Assets.xcassets */,
				4A9E3B73298670B60045D896 /* Info.plist */,
			);
			path = FakeStoreApp;
			sourceTree = "<group>";
		};
		4A9E3B79298670CC0045D896 /* View Controllers */ = {
			isa = PBXGroup;
			children = (
				4A9E3B7A298670DB0045D896 /* CategoriesTableViewController.swift */,
				4A17478D2987969900EB5D79 /* ProductsTableViewController.swift */,
				4A1747942987CD7000EB5D79 /* AddProductViewController.swift */,
			);
			path = "View Controllers";
			sourceTree = "<group>";
		};
		4A9E3B7C29867FD80045D896 /* Clients */ = {
			isa = PBXGroup;
			children = (
				4A9E3B7D29867FEE0045D896 /* StoreHTTPClient.swift */,
			);
			path = Clients;
			sourceTree = "<group>";
		};
		4A9E3B7F298680450045D896 /* Models */ = {
			isa = PBXGroup;
			children = (
				4A9E3B80298680570045D896 /* Category.swift */,
				4A17478B29878CC400EB5D79 /* Product.swift */,
				4A17479C2988E79A00EB5D79 /* CreateProductRequest.swift */,
			);
			path = Models;
			sourceTree = "<group>";
		};
		4A9E3B822986855B0045D896 /* Extensions */ = {
			isa = PBXGroup;
			children = (
				4A9E3B83298685710045D896 /* URL+Extensions.swift */,
				4A1747922987A9E600EB5D79 /* Locale+Extentions.swift */,
				4A17479A298826BB00EB5D79 /* String+Extensions.swift */,
			);
			path = Extensions;
			sourceTree = "<group>";
		};
/* End PBXGroup section */

/* Begin PBXNativeTarget section */
		4A9E3B61298670B50045D896 /* FakeStoreApp */ = {
			isa = PBXNativeTarget;
			buildConfigurationList = 4A9E3B76298670B60045D896 /* Build configuration list for PBXNativeTarget "FakeStoreApp" */;
			buildPhases = (
				4A9E3B5E298670B50045D896 /* Sources */,
				4A9E3B5F298670B50045D896 /* Frameworks */,
				4A9E3B60298670B50045D896 /* Resources */,
			);
			buildRules = (
			);
			dependencies = (
			);
			name = FakeStoreApp;
			productName = FakeStoreApp;
			productReference = 4A9E3B62298670B50045D896 /* FakeStoreApp.app */;
			productType = "com.apple.product-type.application";
		};
/* End PBXNativeTarget section */

/* Begin PBXProject section */
		4A9E3B5A298670B50045D896 /* Project object */ = {
			isa = PBXProject;
			attributes = {
				BuildIndependentTargetsInParallel = 1;
				LastSwiftUpdateCheck = 1420;
				LastUpgradeCheck = 1420;
				TargetAttributes = {
					4A9E3B61298670B50045D896 = {
						CreatedOnToolsVersion = 14.2;
					};
				};
			};
			buildConfigurationList = 4A9E3B5D298670B50045D896 /* Build configuration list for PBXProject "FakeStoreApp" */;
			compatibilityVersion = "Xcode 14.0";
			developmentRegion = en;
			hasScannedForEncodings = 0;
			knownRegions = (
				en,
				Base,
			);
			mainGroup = 4A9E3B59298670B50045D896;
			productRefGroup = 4A9E3B63298670B50045D896 /* Products */;
			projectDirPath = "";
			projectRoot = "";
			targets = (
				4A9E3B61298670B50045D896 /* FakeStoreApp */,
			);
		};
/* End PBXProject section */

/* Begin PBXResourcesBuildPhase section */
		4A9E3B60298670B50045D896 /* Resources */ = {
			isa = PBXResourcesBuildPhase;
			buildActionMask = 2147483647;
			files = (
				4A9E3B6F298670B60045D896 /* Assets.xcassets in Resources */,
			);
			runOnlyForDeploymentPostprocessing = 0;
		};
/* End PBXResourcesBuildPhase section */

/* Begin PBXSourcesBuildPhase section */
		4A9E3B5E298670B50045D896 /* Sources */ = {
			isa = PBXSourcesBuildPhase;
			buildActionMask = 2147483647;
			files = (
				4A9E3B6A298670B50045D896 /* ViewController.swift in Sources */,
				4A17478C29878CC400EB5D79 /* Product.swift in Sources */,
				4A1747952987CD7000EB5D79 /* AddProductViewController.swift in Sources */,
				4A17479D2988E79A00EB5D79 /* CreateProductRequest.swift in Sources */,
				4A9E3B84298685710045D896 /* URL+Extensions.swift in Sources */,
				4A1747932987A9E600EB5D79 /* Locale+Extentions.swift in Sources */,
				4A9E3B66298670B50045D896 /* AppDelegate.swift in Sources */,
				4A1747912987A8AE00EB5D79 /* ProductCellView.swift in Sources */,
				4A17478E2987969900EB5D79 /* ProductsTableViewController.swift in Sources */,
				4A17479B298826BB00EB5D79 /* String+Extensions.swift in Sources */,
				4A9E3B68298670B50045D896 /* SceneDelegate.swift in Sources */,
				4A9E3B7E29867FEE0045D896 /* StoreHTTPClient.swift in Sources */,
				4A1747972987D69800EB5D79 /* CategoryPickerView.swift in Sources */,
				4A9E3B7B298670DB0045D896 /* CategoriesTableViewController.swift in Sources */,
				4A9E3B81298680570045D896 /* Category.swift in Sources */,
			);
			runOnlyForDeploymentPostprocessing = 0;
		};
/* End PBXSourcesBuildPhase section */

/* Begin XCBuildConfiguration section */
		4A9E3B74298670B60045D896 /* Debug */ = {
			isa = XCBuildConfiguration;
			buildSettings = {
				ALWAYS_SEARCH_USER_PATHS = NO;
				CLANG_ANALYZER_NONNULL = YES;
				CLANG_ANALYZER_NUMBER_OBJECT_CONVERSION = YES_AGGRESSIVE;
				CLANG_CXX_LANGUAGE_STANDARD = "gnu++20";
				CLANG_ENABLE_MODULES = YES;
				CLANG_ENABLE_OBJC_ARC = YES;
				CLANG_ENABLE_OBJC_WEAK = YES;
				CLANG_WARN_BLOCK_CAPTURE_AUTORELEASING = YES;
				CLANG_WARN_BOOL_CONVERSION = YES;
				CLANG_WARN_COMMA = YES;
				CLANG_WARN_CONSTANT_CONVERSION = YES;
				CLANG_WARN_DEPRECATED_OBJC_IMPLEMENTATIONS = YES;
				CLANG_WARN_DIRECT_OBJC_ISA_USAGE = YES_ERROR;
				CLANG_WARN_DOCUMENTATION_COMMENTS = YES;
				CLANG_WARN_EMPTY_BODY = YES;
				CLANG_WARN_ENUM_CONVERSION = YES;
				CLANG_WARN_INFINITE_RECURSION = YES;
				CLANG_WARN_INT_CONVERSION = YES;
				CLANG_WARN_NON_LITERAL_NULL_CONVERSION = YES;
				CLANG_WARN_OBJC_IMPLICIT_RETAIN_SELF = YES;
				CLANG_WARN_OBJC_LITERAL_CONVERSION = YES;
				CLANG_WARN_OBJC_ROOT_CLASS = YES_ERROR;
				CLANG_WARN_QUOTED_INCLUDE_IN_FRAMEWORK_HEADER = YES;
				CLANG_WARN_RANGE_LOOP_ANALYSIS = YES;
				CLANG_WARN_STRICT_PROTOTYPES = YES;
				CLANG_WARN_SUSPICIOUS_MOVE = YES;
				CLANG_WARN_UNGUARDED_AVAILABILITY = YES_AGGRESSIVE;
				CLANG_WARN_UNREACHABLE_CODE = YES;
				CLANG_WARN__DUPLICATE_METHOD_MATCH = YES;
				COPY_PHASE_STRIP = NO;
				DEBUG_INFORMATION_FORMAT = dwarf;
				ENABLE_STRICT_OBJC_MSGSEND = YES;
				ENABLE_TESTABILITY = YES;
				GCC_C_LANGUAGE_STANDARD = gnu11;
				GCC_DYNAMIC_NO_PIC = NO;
				GCC_NO_COMMON_BLOCKS = YES;
				GCC_OPTIMIZATION_LEVEL = 0;
				GCC_PREPROCESSOR_DEFINITIONS = (
					"DEBUG=1",
					"$(inherited)",
				);
				GCC_WARN_64_TO_32_BIT_CONVERSION = YES;
				GCC_WARN_ABOUT_RETURN_TYPE = YES_ERROR;
				GCC_WARN_UNDECLARED_SELECTOR = YES;
				GCC_WARN_UNINITIALIZED_AUTOS = YES_AGGRESSIVE;
				GCC_WARN_UNUSED_FUNCTION = YES;
				GCC_WARN_UNUSED_VARIABLE = YES;
				IPHONEOS_DEPLOYMENT_TARGET = 16.2;
				MTL_ENABLE_DEBUG_INFO = INCLUDE_SOURCE;
				MTL_FAST_MATH = YES;
				ONLY_ACTIVE_ARCH = YES;
				SDKROOT = iphoneos;
				SWIFT_ACTIVE_COMPILATION_CONDITIONS = DEBUG;
				SWIFT_OPTIMIZATION_LEVEL = "-Onone";
			};
			name = Debug;
		};
		4A9E3B75298670B60045D896 /* Release */ = {
			isa = XCBuildConfiguration;
			buildSettings = {
				ALWAYS_SEARCH_USER_PATHS = NO;
				CLANG_ANALYZER_NONNULL = YES;
				CLANG_ANALYZER_NUMBER_OBJECT_CONVERSION = YES_AGGRESSIVE;
				CLANG_CXX_LANGUAGE_STANDARD = "gnu++20";
				CLANG_ENABLE_MODULES = YES;
				CLANG_ENABLE_OBJC_ARC = YES;
				CLANG_ENABLE_OBJC_WEAK = YES;
				CLANG_WARN_BLOCK_CAPTURE_AUTORELEASING = YES;
				CLANG_WARN_BOOL_CONVERSION = YES;
				CLANG_WARN_COMMA = YES;
				CLANG_WARN_CONSTANT_CONVERSION = YES;
				CLANG_WARN_DEPRECATED_OBJC_IMPLEMENTATIONS = YES;
				CLANG_WARN_DIRECT_OBJC_ISA_USAGE = YES_ERROR;
				CLANG_WARN_DOCUMENTATION_COMMENTS = YES;
				CLANG_WARN_EMPTY_BODY = YES;
				CLANG_WARN_ENUM_CONVERSION = YES;
				CLANG_WARN_INFINITE_RECURSION = YES;
				CLANG_WARN_INT_CONVERSION = YES;
				CLANG_WARN_NON_LITERAL_NULL_CONVERSION = YES;
				CLANG_WARN_OBJC_IMPLICIT_RETAIN_SELF = YES;
				CLANG_WARN_OBJC_LITERAL_CONVERSION = YES;
				CLANG_WARN_OBJC_ROOT_CLASS = YES_ERROR;
				CLANG_WARN_QUOTED_INCLUDE_IN_FRAMEWORK_HEADER = YES;
				CLANG_WARN_RANGE_LOOP_ANALYSIS = YES;
				CLANG_WARN_STRICT_PROTOTYPES = YES;
				CLANG_WARN_SUSPICIOUS_MOVE = YES;
				CLANG_WARN_UNGUARDED_AVAILABILITY = YES_AGGRESSIVE;
				CLANG_WARN_UNREACHABLE_CODE = YES;
				CLANG_WARN__DUPLICATE_METHOD_MATCH = YES;
				COPY_PHASE_STRIP = NO;
				DEBUG_INFORMATION_FORMAT = "dwarf-with-dsym";
				ENABLE_NS_ASSERTIONS = NO;
				ENABLE_STRICT_OBJC_MSGSEND = YES;
				GCC_C_LANGUAGE_STANDARD = gnu11;
				GCC_NO_COMMON_BLOCKS = YES;
				GCC_WARN_64_TO_32_BIT_CONVERSION = YES;
				GCC_WARN_ABOUT_RETURN_TYPE = YES_ERROR;
				GCC_WARN_UNDECLARED_SELECTOR = YES;
				GCC_WARN_UNINITIALIZED_AUTOS = YES_AGGRESSIVE;
				GCC_WARN_UNUSED_FUNCTION = YES;
				GCC_WARN_UNUSED_VARIABLE = YES;
				IPHONEOS_DEPLOYMENT_TARGET = 16.2;
				MTL_ENABLE_DEBUG_INFO = NO;
				MTL_FAST_MATH = YES;
				SDKROOT = iphoneos;
				SWIFT_COMPILATION_MODE = wholemodule;
				SWIFT_OPTIMIZATION_LEVEL = "-O";
				VALIDATE_PRODUCT = YES;
			};
			name = Release;
		};
		4A9E3B77298670B60045D896 /* Debug */ = {
			isa = XCBuildConfiguration;
			buildSettings = {
				ASSETCATALOG_COMPILER_APPICON_NAME = AppIcon;
				ASSETCATALOG_COMPILER_GLOBAL_ACCENT_COLOR_NAME = AccentColor;
				CODE_SIGN_STYLE = Automatic;
				CURRENT_PROJECT_VERSION = 1;
				DEVELOPMENT_TEAM = KR56UH6MNG;
				GENERATE_INFOPLIST_FILE = YES;
				INFOPLIST_FILE = FakeStoreApp/Info.plist;
				INFOPLIST_KEY_UIApplicationSupportsIndirectInputEvents = YES;
				INFOPLIST_KEY_UILaunchStoryboardName = LaunchScreen;
				INFOPLIST_KEY_UISupportedInterfaceOrientations_iPad = "UIInterfaceOrientationPortrait UIInterfaceOrientationPortraitUpsideDown UIInterfaceOrientationLandscapeLeft UIInterfaceOrientationLandscapeRight";
				INFOPLIST_KEY_UISupportedInterfaceOrientations_iPhone = "UIInterfaceOrientationPortrait UIInterfaceOrientationLandscapeLeft UIInterfaceOrientationLandscapeRight";
				LD_RUNPATH_SEARCH_PATHS = (
					"$(inherited)",
					"@executable_path/Frameworks",
				);
				MARKETING_VERSION = 1.0;
				PRODUCT_BUNDLE_IDENTIFIER = com.AppleDeveloperAcademy.FakeStoreApp;
				PRODUCT_NAME = "$(TARGET_NAME)";
				SWIFT_EMIT_LOC_STRINGS = YES;
				SWIFT_VERSION = 5.0;
				TARGETED_DEVICE_FAMILY = "1,2";
			};
			name = Debug;
		};
		4A9E3B78298670B60045D896 /* Release */ = {
			isa = XCBuildConfiguration;
			buildSettings = {
				ASSETCATALOG_COMPILER_APPICON_NAME = AppIcon;
				ASSETCATALOG_COMPILER_GLOBAL_ACCENT_COLOR_NAME = AccentColor;
				CODE_SIGN_STYLE = Automatic;
				CURRENT_PROJECT_VERSION = 1;
				DEVELOPMENT_TEAM = KR56UH6MNG;
				GENERATE_INFOPLIST_FILE = YES;
				INFOPLIST_FILE = FakeStoreApp/Info.plist;
				INFOPLIST_KEY_UIApplicationSupportsIndirectInputEvents = YES;
				INFOPLIST_KEY_UILaunchStoryboardName = LaunchScreen;
				INFOPLIST_KEY_UISupportedInterfaceOrientations_iPad = "UIInterfaceOrientationPortrait UIInterfaceOrientationPortraitUpsideDown UIInterfaceOrientationLandscapeLeft UIInterfaceOrientationLandscapeRight";
				INFOPLIST_KEY_UISupportedInterfaceOrientations_iPhone = "UIInterfaceOrientationPortrait UIInterfaceOrientationLandscapeLeft UIInterfaceOrientationLandscapeRight";
				LD_RUNPATH_SEARCH_PATHS = (
					"$(inherited)",
					"@executable_path/Frameworks",
				);
				MARKETING_VERSION = 1.0;
				PRODUCT_BUNDLE_IDENTIFIER = com.AppleDeveloperAcademy.FakeStoreApp;
				PRODUCT_NAME = "$(TARGET_NAME)";
				SWIFT_EMIT_LOC_STRINGS = YES;
				SWIFT_VERSION = 5.0;
				TARGETED_DEVICE_FAMILY = "1,2";
			};
			name = Release;
		};
/* End XCBuildConfiguration section */

/* Begin XCConfigurationList section */
		4A9E3B5D298670B50045D896 /* Build configuration list for PBXProject "FakeStoreApp" */ = {
			isa = XCConfigurationList;
			buildConfigurations = (
				4A9E3B74298670B60045D896 /* Debug */,
				4A9E3B75298670B60045D896 /* Release */,
			);
			defaultConfigurationIsVisible = 0;
			defaultConfigurationName = Release;
		};
		4A9E3B76298670B60045D896 /* Build configuration list for PBXNativeTarget "FakeStoreApp" */ = {
			isa = XCConfigurationList;
			buildConfigurations = (
				4A9E3B77298670B60045D896 /* Debug */,
				4A9E3B78298670B60045D896 /* Release */,
			);
			defaultConfigurationIsVisible = 0;
			defaultConfigurationName = Release;
		};
/* End XCConfigurationList section */
	};
	rootObject = 4A9E3B5A298670B50045D896 /* Project object */;
}
